// !$*UTF8*$!
{
	archiveVersion = 1;
	classes = {
	};
	objectVersion = 54;
	objects = {

/* Begin PBXBuildFile section */
		7AC034FC29BED1C4004878CE /* AppDelegate.swift in Sources */ = {isa = PBXBuildFile; fileRef = 7AC034FB29BED1C4004878CE /* AppDelegate.swift */; };
		7AC034FE29BED1C4004878CE /* SceneDelegate.swift in Sources */ = {isa = PBXBuildFile; fileRef = 7AC034FD29BED1C4004878CE /* SceneDelegate.swift */; };
		7AC0350029BED1C4004878CE /* EmployeeListViewController.swift in Sources */ = {isa = PBXBuildFile; fileRef = 7AC034FF29BED1C4004878CE /* EmployeeListViewController.swift */; };
		7AC0350329BED1C4004878CE /* Main.storyboard in Resources */ = {isa = PBXBuildFile; fileRef = 7AC0350129BED1C4004878CE /* Main.storyboard */; };
		7AC0350529BED1C7004878CE /* Assets.xcassets in Resources */ = {isa = PBXBuildFile; fileRef = 7AC0350429BED1C7004878CE /* Assets.xcassets */; };
		7AC0350829BED1C7004878CE /* LaunchScreen.storyboard in Resources */ = {isa = PBXBuildFile; fileRef = 7AC0350629BED1C7004878CE /* LaunchScreen.storyboard */; };
		7AC0351529BED975004878CE /* EmployeeListModel.swift in Sources */ = {isa = PBXBuildFile; fileRef = 7AC0351429BED975004878CE /* EmployeeListModel.swift */; };
		7AC0351829BEDB2F004878CE /* GetAllEmployeesAPI.swift in Sources */ = {isa = PBXBuildFile; fileRef = 7AC0351729BEDB2F004878CE /* GetAllEmployeesAPI.swift */; };
		7AC0351E29BF009C004878CE /* EmployeeListViewModel.swift in Sources */ = {isa = PBXBuildFile; fileRef = 7AC0351D29BF009C004878CE /* EmployeeListViewModel.swift */; };
		7AC0352229BF19C6004878CE /* EmployeeCardTableViewCell.swift in Sources */ = {isa = PBXBuildFile; fileRef = 7AC0352029BF19C6004878CE /* EmployeeCardTableViewCell.swift */; };
		7AC0352329BF19C6004878CE /* EmployeeCardTableViewCell.xib in Resources */ = {isa = PBXBuildFile; fileRef = 7AC0352129BF19C6004878CE /* EmployeeCardTableViewCell.xib */; };
/* End PBXBuildFile section */

/* Begin PBXFileReference section */
		7AC034F829BED1C4004878CE /* MVVM.app */ = {isa = PBXFileReference; explicitFileType = wrapper.application; includeInIndex = 0; path = MVVM.app; sourceTree = BUILT_PRODUCTS_DIR; };
		7AC034FB29BED1C4004878CE /* AppDelegate.swift */ = {isa = PBXFileReference; lastKnownFileType = sourcecode.swift; path = AppDelegate.swift; sourceTree = "<group>"; };
		7AC034FD29BED1C4004878CE /* SceneDelegate.swift */ = {isa = PBXFileReference; lastKnownFileType = sourcecode.swift; path = SceneDelegate.swift; sourceTree = "<group>"; };
		7AC034FF29BED1C4004878CE /* EmployeeListViewController.swift */ = {isa = PBXFileReference; lastKnownFileType = sourcecode.swift; path = EmployeeListViewController.swift; sourceTree = "<group>"; };
		7AC0350229BED1C4004878CE /* Base */ = {isa = PBXFileReference; lastKnownFileType = file.storyboard; name = Base; path = Base.lproj/Main.storyboard; sourceTree = "<group>"; };
		7AC0350429BED1C7004878CE /* Assets.xcassets */ = {isa = PBXFileReference; lastKnownFileType = folder.assetcatalog; path = Assets.xcassets; sourceTree = "<group>"; };
		7AC0350729BED1C7004878CE /* Base */ = {isa = PBXFileReference; lastKnownFileType = file.storyboard; name = Base; path = Base.lproj/LaunchScreen.storyboard; sourceTree = "<group>"; };
		7AC0350929BED1C7004878CE /* Info.plist */ = {isa = PBXFileReference; lastKnownFileType = text.plist.xml; path = Info.plist; sourceTree = "<group>"; };
		7AC0351429BED975004878CE /* EmployeeListModel.swift */ = {isa = PBXFileReference; lastKnownFileType = sourcecode.swift; path = EmployeeListModel.swift; sourceTree = "<group>"; };
		7AC0351729BEDB2F004878CE /* GetAllEmployeesAPI.swift */ = {isa = PBXFileReference; lastKnownFileType = sourcecode.swift; path = GetAllEmployeesAPI.swift; sourceTree = "<group>"; };
		7AC0351D29BF009C004878CE /* EmployeeListViewModel.swift */ = {isa = PBXFileReference; lastKnownFileType = sourcecode.swift; path = EmployeeListViewModel.swift; sourceTree = "<group>"; };
		7AC0352029BF19C6004878CE /* EmployeeCardTableViewCell.swift */ = {isa = PBXFileReference; lastKnownFileType = sourcecode.swift; path = EmployeeCardTableViewCell.swift; sourceTree = "<group>"; };
		7AC0352129BF19C6004878CE /* EmployeeCardTableViewCell.xib */ = {isa = PBXFileReference; lastKnownFileType = file.xib; path = EmployeeCardTableViewCell.xib; sourceTree = "<group>"; };
/* End PBXFileReference section */

/* Begin PBXFrameworksBuildPhase section */
		7AC034F529BED1C4004878CE /* Frameworks */ = {
			isa = PBXFrameworksBuildPhase;
			buildActionMask = 2147483647;
			files = (
			);
			runOnlyForDeploymentPostprocessing = 0;
		};
/* End PBXFrameworksBuildPhase section */

/* Begin PBXGroup section */
		7AC034EF29BED1C4004878CE = {
			isa = PBXGroup;
			children = (
				7AC034FA29BED1C4004878CE /* MVVM */,
				7AC034F929BED1C4004878CE /* Products */,
			);
			sourceTree = "<group>";
		};
		7AC034F929BED1C4004878CE /* Products */ = {
			isa = PBXGroup;
			children = (
				7AC034F829BED1C4004878CE /* MVVM.app */,
			);
			name = Products;
			sourceTree = "<group>";
		};
		7AC034FA29BED1C4004878CE /* MVVM */ = {
			isa = PBXGroup;
			children = (
				7AC0351029BED717004878CE /* MainDelegate */,
				7AC0351629BEDAF6004878CE /* Networking */,
				7AC0351229BED744004878CE /* Module */,
				7AC0350F29BED6FE004878CE /* Storyboards */,
				7AC0351129BED72B004878CE /* Assets */,
				7AC0350929BED1C7004878CE /* Info.plist */,
			);
			path = MVVM;
			sourceTree = "<group>";
		};
		7AC0350F29BED6FE004878CE /* Storyboards */ = {
			isa = PBXGroup;
			children = (
				7AC0350129BED1C4004878CE /* Main.storyboard */,
				7AC0350629BED1C7004878CE /* LaunchScreen.storyboard */,
			);
			path = Storyboards;
			sourceTree = "<group>";
		};
		7AC0351029BED717004878CE /* MainDelegate */ = {
			isa = PBXGroup;
			children = (
				7AC034FB29BED1C4004878CE /* AppDelegate.swift */,
				7AC034FD29BED1C4004878CE /* SceneDelegate.swift */,
			);
			path = MainDelegate;
			sourceTree = "<group>";
		};
		7AC0351129BED72B004878CE /* Assets */ = {
			isa = PBXGroup;
			children = (
				7AC0350429BED1C7004878CE /* Assets.xcassets */,
			);
			path = Assets;
			sourceTree = "<group>";
		};
		7AC0351229BED744004878CE /* Module */ = {
			isa = PBXGroup;
			children = (
				7AC0351B29BEDD3A004878CE /* EmployeeList */,
			);
			path = Module;
			sourceTree = "<group>";
		};
		7AC0351329BED8FF004878CE /* Model */ = {
			isa = PBXGroup;
			children = (
				7AC0351429BED975004878CE /* EmployeeListModel.swift */,
			);
			path = Model;
			sourceTree = "<group>";
		};
		7AC0351629BEDAF6004878CE /* Networking */ = {
			isa = PBXGroup;
			children = (
				7AC0351729BEDB2F004878CE /* GetAllEmployeesAPI.swift */,
			);
			path = Networking;
			sourceTree = "<group>";
		};
		7AC0351929BEDD1B004878CE /* View */ = {
			isa = PBXGroup;
			children = (
				7AC034FF29BED1C4004878CE /* EmployeeListViewController.swift */,
			);
			path = View;
			sourceTree = "<group>";
		};
		7AC0351B29BEDD3A004878CE /* EmployeeList */ = {
			isa = PBXGroup;
			children = (
				7AC0351F29BF19A9004878CE /* Component */,
				7AC0351C29BF008E004878CE /* ViewModel */,
				7AC0351329BED8FF004878CE /* Model */,
				7AC0351929BEDD1B004878CE /* View */,
			);
			path = EmployeeList;
			sourceTree = "<group>";
		};
		7AC0351C29BF008E004878CE /* ViewModel */ = {
			isa = PBXGroup;
			children = (
				7AC0351D29BF009C004878CE /* EmployeeListViewModel.swift */,
			);
			path = ViewModel;
			sourceTree = "<group>";
		};
		7AC0351F29BF19A9004878CE /* Component */ = {
			isa = PBXGroup;
			children = (
				7AC0352029BF19C6004878CE /* EmployeeCardTableViewCell.swift */,
				7AC0352129BF19C6004878CE /* EmployeeCardTableViewCell.xib */,
			);
			path = Component;
			sourceTree = "<group>";
		};
/* End PBXGroup section */

/* Begin PBXNativeTarget section */
		7AC034F729BED1C4004878CE /* MVVM */ = {
			isa = PBXNativeTarget;
			buildConfigurationList = 7AC0350C29BED1C7004878CE /* Build configuration list for PBXNativeTarget "MVVM" */;
			buildPhases = (
				7AC034F429BED1C4004878CE /* Sources */,
				7AC034F529BED1C4004878CE /* Frameworks */,
				7AC034F629BED1C4004878CE /* Resources */,
			);
			buildRules = (
			);
			dependencies = (
			);
			name = MVVM;
			productName = MVVM;
			productReference = 7AC034F829BED1C4004878CE /* MVVM.app */;
			productType = "com.apple.product-type.application";
		};
/* End PBXNativeTarget section */

/* Begin PBXProject section */
		7AC034F029BED1C4004878CE /* Project object */ = {
			isa = PBXProject;
			attributes = {
				BuildIndependentTargetsInParallel = 1;
				LastSwiftUpdateCheck = 1420;
				LastUpgradeCheck = 1420;
				TargetAttributes = {
					7AC034F729BED1C4004878CE = {
						CreatedOnToolsVersion = 14.2;
					};
				};
			};
			buildConfigurationList = 7AC034F329BED1C4004878CE /* Build configuration list for PBXProject "MVVM" */;
			compatibilityVersion = "Xcode 12.0";
			developmentRegion = en;
			hasScannedForEncodings = 0;
			knownRegions = (
				en,
				Base,
			);
			mainGroup = 7AC034EF29BED1C4004878CE;
			productRefGroup = 7AC034F929BED1C4004878CE /* Products */;
			projectDirPath = "";
			projectRoot = "";
			targets = (
				7AC034F729BED1C4004878CE /* MVVM */,
			);
		};
/* End PBXProject section */

/* Begin PBXResourcesBuildPhase section */
		7AC034F629BED1C4004878CE /* Resources */ = {
			isa = PBXResourcesBuildPhase;
			buildActionMask = 2147483647;
			files = (
				7AC0350829BED1C7004878CE /* LaunchScreen.storyboard in Resources */,
				7AC0350529BED1C7004878CE /* Assets.xcassets in Resources */,
				7AC0350329BED1C4004878CE /* Main.storyboard in Resources */,
				7AC0352329BF19C6004878CE /* EmployeeCardTableViewCell.xib in Resources */,
			);
			runOnlyForDeploymentPostprocessing = 0;
		};
/* End PBXResourcesBuildPhase section */

/* Begin PBXSourcesBuildPhase section */
		7AC034F429BED1C4004878CE /* Sources */ = {
			isa = PBXSourcesBuildPhase;
			buildActionMask = 2147483647;
			files = (
				7AC0350029BED1C4004878CE /* EmployeeListViewController.swift in Sources */,
				7AC034FC29BED1C4004878CE /* AppDelegate.swift in Sources */,
				7AC034FE29BED1C4004878CE /* SceneDelegate.swift in Sources */,
				7AC0351529BED975004878CE /* EmployeeListModel.swift in Sources */,
				7AC0352229BF19C6004878CE /* EmployeeCardTableViewCell.swift in Sources */,
				7AC0351E29BF009C004878CE /* EmployeeListViewModel.swift in Sources */,
				7AC0351829BEDB2F004878CE /* GetAllEmployeesAPI.swift in Sources */,
			);
			runOnlyForDeploymentPostprocessing = 0;
		};
/* End PBXSourcesBuildPhase section */

/* Begin PBXVariantGroup section */
		7AC0350129BED1C4004878CE /* Main.storyboard */ = {
			isa = PBXVariantGroup;
			children = (
				7AC0350229BED1C4004878CE /* Base */,
			);
			name = Main.storyboard;
			sourceTree = "<group>";
		};
		7AC0350629BED1C7004878CE /* LaunchScreen.storyboard */ = {
			isa = PBXVariantGroup;
			children = (
				7AC0350729BED1C7004878CE /* Base */,
			);
			name = LaunchScreen.storyboard;
			sourceTree = "<group>";
		};
/* End PBXVariantGroup section */

/* Begin XCBuildConfiguration section */
		7AC0350A29BED1C7004878CE /* Debug */ = {
			isa = XCBuildConfiguration;
			buildSettings = {
				ALWAYS_SEARCH_USER_PATHS = NO;
				CLANG_ANALYZER_NONNULL = YES;
				CLANG_ANALYZER_NUMBER_OBJECT_CONVERSION = YES_AGGRESSIVE;
				CLANG_CXX_LANGUAGE_STANDARD = "gnu++20";
				CLANG_ENABLE_MODULES = YES;
				CLANG_ENABLE_OBJC_ARC = YES;
				CLANG_ENABLE_OBJC_WEAK = YES;
				CLANG_WARN_BLOCK_CAPTURE_AUTORELEASING = YES;
				CLANG_WARN_BOOL_CONVERSION = YES;
				CLANG_WARN_COMMA = YES;
				CLANG_WARN_CONSTANT_CONVERSION = YES;
				CLANG_WARN_DEPRECATED_OBJC_IMPLEMENTATIONS = YES;
				CLANG_WARN_DIRECT_OBJC_ISA_USAGE = YES_ERROR;
				CLANG_WARN_DOCUMENTATION_COMMENTS = YES;
				CLANG_WARN_EMPTY_BODY = YES;
				CLANG_WARN_ENUM_CONVERSION = YES;
				CLANG_WARN_INFINITE_RECURSION = YES;
				CLANG_WARN_INT_CONVERSION = YES;
				CLANG_WARN_NON_LITERAL_NULL_CONVERSION = YES;
				CLANG_WARN_OBJC_IMPLICIT_RETAIN_SELF = YES;
				CLANG_WARN_OBJC_LITERAL_CONVERSION = YES;
				CLANG_WARN_OBJC_ROOT_CLASS = YES_ERROR;
				CLANG_WARN_QUOTED_INCLUDE_IN_FRAMEWORK_HEADER = YES;
				CLANG_WARN_RANGE_LOOP_ANALYSIS = YES;
				CLANG_WARN_STRICT_PROTOTYPES = YES;
				CLANG_WARN_SUSPICIOUS_MOVE = YES;
				CLANG_WARN_UNGUARDED_AVAILABILITY = YES_AGGRESSIVE;
				CLANG_WARN_UNREACHABLE_CODE = YES;
				CLANG_WARN__DUPLICATE_METHOD_MATCH = YES;
				COPY_PHASE_STRIP = NO;
				DEBUG_INFORMATION_FORMAT = dwarf;
				ENABLE_STRICT_OBJC_MSGSEND = YES;
				ENABLE_TESTABILITY = YES;
				GCC_C_LANGUAGE_STANDARD = gnu11;
				GCC_DYNAMIC_NO_PIC = NO;
				GCC_NO_COMMON_BLOCKS = YES;
				GCC_OPTIMIZATION_LEVEL = 0;
				GCC_PREPROCESSOR_DEFINITIONS = (
					"DEBUG=1",
					"$(inherited)",
				);
				GCC_WARN_64_TO_32_BIT_CONVERSION = YES;
				GCC_WARN_ABOUT_RETURN_TYPE = YES_ERROR;
				GCC_WARN_UNDECLARED_SELECTOR = YES;
				GCC_WARN_UNINITIALIZED_AUTOS = YES_AGGRESSIVE;
				GCC_WARN_UNUSED_FUNCTION = YES;
				GCC_WARN_UNUSED_VARIABLE = YES;
				IPHONEOS_DEPLOYMENT_TARGET = 16.2;
				MTL_ENABLE_DEBUG_INFO = INCLUDE_SOURCE;
				MTL_FAST_MATH = YES;
				ONLY_ACTIVE_ARCH = YES;
				SDKROOT = iphoneos;
				SWIFT_ACTIVE_COMPILATION_CONDITIONS = DEBUG;
				SWIFT_OPTIMIZATION_LEVEL = "-Onone";
			};
			name = Debug;
		};
		7AC0350B29BED1C7004878CE /* Release */ = {
			isa = XCBuildConfiguration;
			buildSettings = {
				ALWAYS_SEARCH_USER_PATHS = NO;
				CLANG_ANALYZER_NONNULL = YES;
				CLANG_ANALYZER_NUMBER_OBJECT_CONVERSION = YES_AGGRESSIVE;
				CLANG_CXX_LANGUAGE_STANDARD = "gnu++20";
				CLANG_ENABLE_MODULES = YES;
				CLANG_ENABLE_OBJC_ARC = YES;
				CLANG_ENABLE_OBJC_WEAK = YES;
				CLANG_WARN_BLOCK_CAPTURE_AUTORELEASING = YES;
				CLANG_WARN_BOOL_CONVERSION = YES;
				CLANG_WARN_COMMA = YES;
				CLANG_WARN_CONSTANT_CONVERSION = YES;
				CLANG_WARN_DEPRECATED_OBJC_IMPLEMENTATIONS = YES;
				CLANG_WARN_DIRECT_OBJC_ISA_USAGE = YES_ERROR;
				CLANG_WARN_DOCUMENTATION_COMMENTS = YES;
				CLANG_WARN_EMPTY_BODY = YES;
				CLANG_WARN_ENUM_CONVERSION = YES;
				CLANG_WARN_INFINITE_RECURSION = YES;
				CLANG_WARN_INT_CONVERSION = YES;
				CLANG_WARN_NON_LITERAL_NULL_CONVERSION = YES;
				CLANG_WARN_OBJC_IMPLICIT_RETAIN_SELF = YES;
				CLANG_WARN_OBJC_LITERAL_CONVERSION = YES;
				CLANG_WARN_OBJC_ROOT_CLASS = YES_ERROR;
				CLANG_WARN_QUOTED_INCLUDE_IN_FRAMEWORK_HEADER = YES;
				CLANG_WARN_RANGE_LOOP_ANALYSIS = YES;
				CLANG_WARN_STRICT_PROTOTYPES = YES;
				CLANG_WARN_SUSPICIOUS_MOVE = YES;
				CLANG_WARN_UNGUARDED_AVAILABILITY = YES_AGGRESSIVE;
				CLANG_WARN_UNREACHABLE_CODE = YES;
				CLANG_WARN__DUPLICATE_METHOD_MATCH = YES;
				COPY_PHASE_STRIP = NO;
				DEBUG_INFORMATION_FORMAT = "dwarf-with-dsym";
				ENABLE_NS_ASSERTIONS = NO;
				ENABLE_STRICT_OBJC_MSGSEND = YES;
				GCC_C_LANGUAGE_STANDARD = gnu11;
				GCC_NO_COMMON_BLOCKS = YES;
				GCC_WARN_64_TO_32_BIT_CONVERSION = YES;
				GCC_WARN_ABOUT_RETURN_TYPE = YES_ERROR;
				GCC_WARN_UNDECLARED_SELECTOR = YES;
				GCC_WARN_UNINITIALIZED_AUTOS = YES_AGGRESSIVE;
				GCC_WARN_UNUSED_FUNCTION = YES;
				GCC_WARN_UNUSED_VARIABLE = YES;
				IPHONEOS_DEPLOYMENT_TARGET = 16.2;
				MTL_ENABLE_DEBUG_INFO = NO;
				MTL_FAST_MATH = YES;
				SDKROOT = iphoneos;
				SWIFT_COMPILATION_MODE = wholemodule;
				SWIFT_OPTIMIZATION_LEVEL = "-O";
				VALIDATE_PRODUCT = YES;
			};
			name = Release;
		};
		7AC0350D29BED1C7004878CE /* Debug */ = {
			isa = XCBuildConfiguration;
			buildSettings = {
				ASSETCATALOG_COMPILER_APPICON_NAME = AppIcon;
				ASSETCATALOG_COMPILER_GLOBAL_ACCENT_COLOR_NAME = AccentColor;
				CODE_SIGN_STYLE = Automatic;
				CURRENT_PROJECT_VERSION = 1;
				DEVELOPMENT_TEAM = 47KW45UAC4;
				GENERATE_INFOPLIST_FILE = YES;
				INFOPLIST_FILE = MVVM/Info.plist;
				INFOPLIST_KEY_UIApplicationSupportsIndirectInputEvents = YES;
				INFOPLIST_KEY_UILaunchStoryboardName = LaunchScreen;
				INFOPLIST_KEY_UIMainStoryboardFile = Main;
				INFOPLIST_KEY_UISupportedInterfaceOrientations_iPad = "UIInterfaceOrientationPortrait UIInterfaceOrientationPortraitUpsideDown UIInterfaceOrientationLandscapeLeft UIInterfaceOrientationLandscapeRight";
				INFOPLIST_KEY_UISupportedInterfaceOrientations_iPhone = "UIInterfaceOrientationPortrait UIInterfaceOrientationLandscapeLeft UIInterfaceOrientationLandscapeRight";
				IPHONEOS_DEPLOYMENT_TARGET = 13.0;
				LD_RUNPATH_SEARCH_PATHS = (
					"$(inherited)",
					"@executable_path/Frameworks",
				);
				MARKETING_VERSION = 1.0;
				PRODUCT_BUNDLE_IDENTIFIER = com.teguhwibowowijaya.MVVM;
				PRODUCT_NAME = "$(TARGET_NAME)";
				SWIFT_EMIT_LOC_STRINGS = YES;
				SWIFT_VERSION = 5.0;
				TARGETED_DEVICE_FAMILY = "1,2";
			};
			name = Debug;
		};
		7AC0350E29BED1C7004878CE /* Release */ = {
			isa = XCBuildConfiguration;
			buildSettings = {
				ASSETCATALOG_COMPILER_APPICON_NAME = AppIcon;
				ASSETCATALOG_COMPILER_GLOBAL_ACCENT_COLOR_NAME = AccentColor;
				CODE_SIGN_STYLE = Automatic;
				CURRENT_PROJECT_VERSION = 1;
				DEVELOPMENT_TEAM = 47KW45UAC4;
				GENERATE_INFOPLIST_FILE = YES;
				INFOPLIST_FILE = MVVM/Info.plist;
				INFOPLIST_KEY_UIApplicationSupportsIndirectInputEvents = YES;
				INFOPLIST_KEY_UILaunchStoryboardName = LaunchScreen;
				INFOPLIST_KEY_UIMainStoryboardFile = Main;
				INFOPLIST_KEY_UISupportedInterfaceOrientations_iPad = "UIInterfaceOrientationPortrait UIInterfaceOrientationPortraitUpsideDown UIInterfaceOrientationLandscapeLeft UIInterfaceOrientationLandscapeRight";
				INFOPLIST_KEY_UISupportedInterfaceOrientations_iPhone = "UIInterfaceOrientationPortrait UIInterfaceOrientationLandscapeLeft UIInterfaceOrientationLandscapeRight";
				IPHONEOS_DEPLOYMENT_TARGET = 13.0;
				LD_RUNPATH_SEARCH_PATHS = (
					"$(inherited)",
					"@executable_path/Frameworks",
				);
				MARKETING_VERSION = 1.0;
				PRODUCT_BUNDLE_IDENTIFIER = com.teguhwibowowijaya.MVVM;
				PRODUCT_NAME = "$(TARGET_NAME)";
				SWIFT_EMIT_LOC_STRINGS = YES;
				SWIFT_VERSION = 5.0;
				TARGETED_DEVICE_FAMILY = "1,2";
			};
			name = Release;
		};
/* End XCBuildConfiguration section */

/* Begin XCConfigurationList section */
		7AC034F329BED1C4004878CE /* Build configuration list for PBXProject "MVVM" */ = {
			isa = XCConfigurationList;
			buildConfigurations = (
				7AC0350A29BED1C7004878CE /* Debug */,
				7AC0350B29BED1C7004878CE /* Release */,
			);
			defaultConfigurationIsVisible = 0;
			defaultConfigurationName = Release;
		};
		7AC0350C29BED1C7004878CE /* Build configuration list for PBXNativeTarget "MVVM" */ = {
			isa = XCConfigurationList;
			buildConfigurations = (
				7AC0350D29BED1C7004878CE /* Debug */,
				7AC0350E29BED1C7004878CE /* Release */,
			);
			defaultConfigurationIsVisible = 0;
			defaultConfigurationName = Release;
		};
/* End XCConfigurationList section */
	};
	rootObject = 7AC034F029BED1C4004878CE /* Project object */;
}
